// !$*UTF8*$!
{
	archiveVersion = 1;
	classes = {
	};
	objectVersion = 46;
	objects = {

/* Begin PBXBuildFile section */
		52D1F05D1EA81A0F00E32146 /* AppDelegate.swift in Sources */ = {isa = PBXBuildFile; fileRef = 52D1F05C1EA81A0F00E32146 /* AppDelegate.swift */; };
		52D1F05F1EA81A0F00E32146 /* ViewController.swift in Sources */ = {isa = PBXBuildFile; fileRef = 52D1F05E1EA81A0F00E32146 /* ViewController.swift */; };
		52D1F0621EA81A0F00E32146 /* Main.storyboard in Resources */ = {isa = PBXBuildFile; fileRef = 52D1F0601EA81A0F00E32146 /* Main.storyboard */; };
		52D1F0641EA81A0F00E32146 /* Assets.xcassets in Resources */ = {isa = PBXBuildFile; fileRef = 52D1F0631EA81A0F00E32146 /* Assets.xcassets */; };
		52D1F0671EA81A0F00E32146 /* LaunchScreen.storyboard in Resources */ = {isa = PBXBuildFile; fileRef = 52D1F0651EA81A0F00E32146 /* LaunchScreen.storyboard */; };
/* End PBXBuildFile section */

/* Begin PBXFileReference section */
		52D1F0591EA81A0F00E32146 /* guessing-game.app */ = {isa = PBXFileReference; explicitFileType = wrapper.application; includeInIndex = 0; path = "guessing-game.app"; sourceTree = BUILT_PRODUCTS_DIR; };
		52D1F05C1EA81A0F00E32146 /* AppDelegate.swift */ = {isa = PBXFileReference; lastKnownFileType = sourcecode.swift; path = AppDelegate.swift; sourceTree = "<group>"; };
		52D1F05E1EA81A0F00E32146 /* ViewController.swift */ = {isa = PBXFileReference; lastKnownFileType = sourcecode.swift; path = ViewController.swift; sourceTree = "<group>"; };
		52D1F0611EA81A0F00E32146 /* Base */ = {isa = PBXFileReference; lastKnownFileType = file.storyboard; name = Base; path = Base.lproj/Main.storyboard; sourceTree = "<group>"; };
		52D1F0631EA81A0F00E32146 /* Assets.xcassets */ = {isa = PBXFileReference; lastKnownFileType = folder.assetcatalog; path = Assets.xcassets; sourceTree = "<group>"; };
		52D1F0661EA81A0F00E32146 /* Base */ = {isa = PBXFileReference; lastKnownFileType = file.storyboard; name = Base; path = Base.lproj/LaunchScreen.storyboard; sourceTree = "<group>"; };
		52D1F0681EA81A0F00E32146 /* Info.plist */ = {isa = PBXFileReference; lastKnownFileType = text.plist.xml; path = Info.plist; sourceTree = "<group>"; };
/* End PBXFileReference section */

/* Begin PBXFrameworksBuildPhase section */
		52D1F0561EA81A0F00E32146 /* Frameworks */ = {
			isa = PBXFrameworksBuildPhase;
			buildActionMask = 2147483647;
			files = (
			);
			runOnlyForDeploymentPostprocessing = 0;
		};
/* End PBXFrameworksBuildPhase section */

/* Begin PBXGroup section */
		52D1F0501EA81A0F00E32146 = {
			isa = PBXGroup;
			children = (
				52D1F05B1EA81A0F00E32146 /* guessing-game */,
				52D1F05A1EA81A0F00E32146 /* Products */,
			);
			sourceTree = "<group>";
		};
		52D1F05A1EA81A0F00E32146 /* Products */ = {
			isa = PBXGroup;
			children = (
				52D1F0591EA81A0F00E32146 /* guessing-game.app */,
			);
			name = Products;
			sourceTree = "<group>";
		};
		52D1F05B1EA81A0F00E32146 /* guessing-game */ = {
			isa = PBXGroup;
			children = (
				52D1F05C1EA81A0F00E32146 /* AppDelegate.swift */,
				52D1F05E1EA81A0F00E32146 /* ViewController.swift */,
				52D1F0601EA81A0F00E32146 /* Main.storyboard */,
				52D1F0631EA81A0F00E32146 /* Assets.xcassets */,
				52D1F0651EA81A0F00E32146 /* LaunchScreen.storyboard */,
				52D1F0681EA81A0F00E32146 /* Info.plist */,
			);
			path = "guessing-game";
			sourceTree = "<group>";
		};
/* End PBXGroup section */

/* Begin PBXNativeTarget section */
		52D1F0581EA81A0F00E32146 /* guessing-game */ = {
			isa = PBXNativeTarget;
			buildConfigurationList = 52D1F06B1EA81A0F00E32146 /* Build configuration list for PBXNativeTarget "guessing-game" */;
			buildPhases = (
				52D1F0551EA81A0F00E32146 /* Sources */,
				52D1F0561EA81A0F00E32146 /* Frameworks */,
				52D1F0571EA81A0F00E32146 /* Resources */,
			);
			buildRules = (
			);
			dependencies = (
			);
			name = "guessing-game";
			productName = "guessing-game";
			productReference = 52D1F0591EA81A0F00E32146 /* guessing-game.app */;
			productType = "com.apple.product-type.application";
		};
/* End PBXNativeTarget section */

/* Begin PBXProject section */
		52D1F0511EA81A0F00E32146 /* Project object */ = {
			isa = PBXProject;
			attributes = {
				LastSwiftUpdateCheck = 0830;
				LastUpgradeCheck = 0830;
				ORGANIZATIONNAME = "Paula Lee";
				TargetAttributes = {
					52D1F0581EA81A0F00E32146 = {
						CreatedOnToolsVersion = 8.3;
						ProvisioningStyle = Automatic;
					};
				};
			};
			buildConfigurationList = 52D1F0541EA81A0F00E32146 /* Build configuration list for PBXProject "guessing-game" */;
			compatibilityVersion = "Xcode 3.2";
			developmentRegion = English;
			hasScannedForEncodings = 0;
			knownRegions = (
				en,
				Base,
			);
			mainGroup = 52D1F0501EA81A0F00E32146;
			productRefGroup = 52D1F05A1EA81A0F00E32146 /* Products */;
			projectDirPath = "";
			projectRoot = "";
			targets = (
				52D1F0581EA81A0F00E32146 /* guessing-game */,
			);
		};
/* End PBXProject section */

/* Begin PBXResourcesBuildPhase section */
		52D1F0571EA81A0F00E32146 /* Resources */ = {
			isa = PBXResourcesBuildPhase;
			buildActionMask = 2147483647;
			files = (
				52D1F0671EA81A0F00E32146 /* LaunchScreen.storyboard in Resources */,
				52D1F0641EA81A0F00E32146 /* Assets.xcassets in Resources */,
				52D1F0621EA81A0F00E32146 /* Main.storyboard in Resources */,
			);
			runOnlyForDeploymentPostprocessing = 0;
		};
/* End PBXResourcesBuildPhase section */

/* Begin PBXSourcesBuildPhase section */
		52D1F0551EA81A0F00E32146 /* Sources */ = {
			isa = PBXSourcesBuildPhase;
			buildActionMask = 2147483647;
			files = (
				52D1F05F1EA81A0F00E32146 /* ViewController.swift in Sources */,
				52D1F05D1EA81A0F00E32146 /* AppDelegate.swift in Sources */,
			);
			runOnlyForDeploymentPostprocessing = 0;
		};
/* End PBXSourcesBuildPhase section */

/* Begin PBXVariantGroup section */
		52D1F0601EA81A0F00E32146 /* Main.storyboard */ = {
			isa = PBXVariantGroup;
			children = (
				52D1F0611EA81A0F00E32146 /* Base */,
			);
			name = Main.storyboard;
			sourceTree = "<group>";
		};
		52D1F0651EA81A0F00E32146 /* LaunchScreen.storyboard */ = {
			isa = PBXVariantGroup;
			children = (
				52D1F0661EA81A0F00E32146 /* Base */,
			);
			name = LaunchScreen.storyboard;
			sourceTree = "<group>";
		};
/* End PBXVariantGroup section */

/* Begin XCBuildConfiguration section */
		52D1F0691EA81A0F00E32146 /* Debug */ = {
			isa = XCBuildConfiguration;
			buildSettings = {
				ALWAYS_SEARCH_USER_PATHS = NO;
				CLANG_ANALYZER_NONNULL = YES;
				CLANG_ANALYZER_NUMBER_OBJECT_CONVERSION = YES_AGGRESSIVE;
				CLANG_CXX_LANGUAGE_STANDARD = "gnu++0x";
				CLANG_CXX_LIBRARY = "libc++";
				CLANG_ENABLE_MODULES = YES;
				CLANG_ENABLE_OBJC_ARC = YES;
				CLANG_WARN_BOOL_CONVERSION = YES;
				CLANG_WARN_CONSTANT_CONVERSION = YES;
				CLANG_WARN_DIRECT_OBJC_ISA_USAGE = YES_ERROR;
				CLANG_WARN_DOCUMENTATION_COMMENTS = YES;
				CLANG_WARN_EMPTY_BODY = YES;
				CLANG_WARN_ENUM_CONVERSION = YES;
				CLANG_WARN_INFINITE_RECURSION = YES;
				CLANG_WARN_INT_CONVERSION = YES;
				CLANG_WARN_OBJC_ROOT_CLASS = YES_ERROR;
				CLANG_WARN_SUSPICIOUS_MOVE = YES;
				CLANG_WARN_UNREACHABLE_CODE = YES;
				CLANG_WARN__DUPLICATE_METHOD_MATCH = YES;
				"CODE_SIGN_IDENTITY[sdk=iphoneos*]" = "iPhone Developer";
				COPY_PHASE_STRIP = NO;
				DEBUG_INFORMATION_FORMAT = dwarf;
				ENABLE_STRICT_OBJC_MSGSEND = YES;
				ENABLE_TESTABILITY = YES;
				GCC_C_LANGUAGE_STANDARD = gnu99;
				GCC_DYNAMIC_NO_PIC = NO;
				GCC_NO_COMMON_BLOCKS = YES;
				GCC_OPTIMIZATION_LEVEL = 0;
				GCC_PREPROCESSOR_DEFINITIONS = (
					"DEBUG=1",
					"$(inherited)",
				);
				GCC_WARN_64_TO_32_BIT_CONVERSION = YES;
				GCC_WARN_ABOUT_RETURN_TYPE = YES_ERROR;
				GCC_WARN_UNDECLARED_SELECTOR = YES;
				GCC_WARN_UNINITIALIZED_AUTOS = YES_AGGRESSIVE;
				GCC_WARN_UNUSED_FUNCTION = YES;
				GCC_WARN_UNUSED_VARIABLE = YES;
				IPHONEOS_DEPLOYMENT_TARGET = 10.3;
				MTL_ENABLE_DEBUG_INFO = YES;
				ONLY_ACTIVE_ARCH = YES;
				SDKROOT = iphoneos;
				SWIFT_ACTIVE_COMPILATION_CONDITIONS = DEBUG;
				SWIFT_OPTIMIZATION_LEVEL = "-Onone";
			};
			name = Debug;
		};
		52D1F06A1EA81A0F00E32146 /* Release */ = {
			isa = XCBuildConfiguration;
			buildSettings = {
				ALWAYS_SEARCH_USER_PATHS = NO;
				CLANG_ANALYZER_NONNULL = YES;
				CLANG_ANALYZER_NUMBER_OBJECT_CONVERSION = YES_AGGRESSIVE;
				CLANG_CXX_LANGUAGE_STANDARD = "gnu++0x";
				CLANG_CXX_LIBRARY = "libc++";
				CLANG_ENABLE_MODULES = YES;
				CLANG_ENABLE_OBJC_ARC = YES;
				CLANG_WARN_BOOL_CONVERSION = YES;
				CLANG_WARN_CONSTANT_CONVERSION = YES;
				CLANG_WARN_DIRECT_OBJC_ISA_USAGE = YES_ERROR;
				CLANG_WARN_DOCUMENTATION_COMMENTS = YES;
				CLANG_WARN_EMPTY_BODY = YES;
				CLANG_WARN_ENUM_CONVERSION = YES;
				CLANG_WARN_INFINITE_RECURSION = YES;
				CLANG_WARN_INT_CONVERSION = YES;
				CLANG_WARN_OBJC_ROOT_CLASS = YES_ERROR;
				CLANG_WARN_SUSPICIOUS_MOVE = YES;
				CLANG_WARN_UNREACHABLE_CODE = YES;
				CLANG_WARN__DUPLICATE_METHOD_MATCH = YES;
				"CODE_SIGN_IDENTITY[sdk=iphoneos*]" = "iPhone Developer";
				COPY_PHASE_STRIP = NO;
				DEBUG_INFORMATION_FORMAT = "dwarf-with-dsym";
				ENABLE_NS_ASSERTIONS = NO;
				ENABLE_STRICT_OBJC_MSGSEND = YES;
				GCC_C_LANGUAGE_STANDARD = gnu99;
				GCC_NO_COMMON_BLOCKS = YES;
				GCC_WARN_64_TO_32_BIT_CONVERSION = YES;
				GCC_WARN_ABOUT_RETURN_TYPE = YES_ERROR;
				GCC_WARN_UNDECLARED_SELECTOR = YES;
				GCC_WARN_UNINITIALIZED_AUTOS = YES_AGGRESSIVE;
				GCC_WARN_UNUSED_FUNCTION = YES;
				GCC_WARN_UNUSED_VARIABLE = YES;
				IPHONEOS_DEPLOYMENT_TARGET = 10.3;
				MTL_ENABLE_DEBUG_INFO = NO;
				SDKROOT = iphoneos;
				SWIFT_OPTIMIZATION_LEVEL = "-Owholemodule";
				VALIDATE_PRODUCT = YES;
			};
			name = Release;
		};
		52D1F06C1EA81A0F00E32146 /* Debug */ = {
			isa = XCBuildConfiguration;
			buildSettings = {
				ASSETCATALOG_COMPILER_APPICON_NAME = AppIcon;
				INFOPLIST_FILE = "guessing-game/Info.plist";
				LD_RUNPATH_SEARCH_PATHS = "$(inherited) @executable_path/Frameworks";
				PRODUCT_BUNDLE_IDENTIFIER = "com.paula-lee.guessing-game";
				PRODUCT_NAME = "$(TARGET_NAME)";
				SWIFT_VERSION = 3.0;
			};
			name = Debug;
		};
		52D1F06D1EA81A0F00E32146 /* Release */ = {
			isa = XCBuildConfiguration;
			buildSettings = {
				ASSETCATALOG_COMPILER_APPICON_NAME = AppIcon;
				INFOPLIST_FILE = "guessing-game/Info.plist";
				LD_RUNPATH_SEARCH_PATHS = "$(inherited) @executable_path/Frameworks";
				PRODUCT_BUNDLE_IDENTIFIER = "com.paula-lee.guessing-game";
				PRODUCT_NAME = "$(TARGET_NAME)";
				SWIFT_VERSION = 3.0;
			};
			name = Release;
		};
/* End XCBuildConfiguration section */

/* Begin XCConfigurationList section */
		52D1F0541EA81A0F00E32146 /* Build configuration list for PBXProject "guessing-game" */ = {
			isa = XCConfigurationList;
			buildConfigurations = (
				52D1F0691EA81A0F00E32146 /* Debug */,
				52D1F06A1EA81A0F00E32146 /* Release */,
			);
			defaultConfigurationIsVisible = 0;
			defaultConfigurationName = Release;
		};
		52D1F06B1EA81A0F00E32146 /* Build configuration list for PBXNativeTarget "guessing-game" */ = {
			isa = XCConfigurationList;
			buildConfigurations = (
				52D1F06C1EA81A0F00E32146 /* Debug */,
				52D1F06D1EA81A0F00E32146 /* Release */,
			);
			defaultConfigurationIsVisible = 0;
		};
/* End XCConfigurationList section */
	};
	rootObject = 52D1F0511EA81A0F00E32146 /* Project object */;
}
